// !$*UTF8*$!
{
	archiveVersion = 1;
	classes = {
	};
	objectVersion = 56;
	objects = {

/* Begin PBXBuildFile section */
		02ACD4142AE58CAD00644F32 /* AppDelegate.swift in Sources */ = {isa = PBXBuildFile; fileRef = 02ACD4132AE58CAD00644F32 /* AppDelegate.swift */; };
		02ACD4162AE58CAD00644F32 /* SceneDelegate.swift in Sources */ = {isa = PBXBuildFile; fileRef = 02ACD4152AE58CAD00644F32 /* SceneDelegate.swift */; };
		02ACD4182AE58CAD00644F32 /* ViewController.swift in Sources */ = {isa = PBXBuildFile; fileRef = 02ACD4172AE58CAD00644F32 /* ViewController.swift */; };
		02ACD41B2AE58CAD00644F32 /* Main.storyboard in Resources */ = {isa = PBXBuildFile; fileRef = 02ACD4192AE58CAD00644F32 /* Main.storyboard */; };
		02ACD41D2AE58CAE00644F32 /* Assets.xcassets in Resources */ = {isa = PBXBuildFile; fileRef = 02ACD41C2AE58CAE00644F32 /* Assets.xcassets */; };
		02ACD4202AE58CAE00644F32 /* LaunchScreen.storyboard in Resources */ = {isa = PBXBuildFile; fileRef = 02ACD41E2AE58CAE00644F32 /* LaunchScreen.storyboard */; };
		02ACD42B2AE58CAE00644F32 /* jubilacioTests.swift in Sources */ = {isa = PBXBuildFile; fileRef = 02ACD42A2AE58CAE00644F32 /* jubilacioTests.swift */; };
		02ACD4352AE58CAE00644F32 /* jubilacioUITests.swift in Sources */ = {isa = PBXBuildFile; fileRef = 02ACD4342AE58CAE00644F32 /* jubilacioUITests.swift */; };
		02ACD4372AE58CAE00644F32 /* jubilacioUITestsLaunchTests.swift in Sources */ = {isa = PBXBuildFile; fileRef = 02ACD4362AE58CAE00644F32 /* jubilacioUITestsLaunchTests.swift */; };
		7236123876BFEC2D6E348DC4 /* Pods_jubilacio.framework in Frameworks */ = {isa = PBXBuildFile; fileRef = 9E159ADCC3B8353D3F2A6A06 /* Pods_jubilacio.framework */; };
		9EFC77E9BA8CD1855E07C132 /* Pods_jubilacio_jubilacioUITests.framework in Frameworks */ = {isa = PBXBuildFile; fileRef = 28248D4C1096BCF49BABE44E /* Pods_jubilacio_jubilacioUITests.framework */; };
		D26BBC0D6C1278C1322B18C0 /* Pods_jubilacioTests.framework in Frameworks */ = {isa = PBXBuildFile; fileRef = E6D812A616F9412D7F8A7569 /* Pods_jubilacioTests.framework */; };
/* End PBXBuildFile section */

/* Begin PBXContainerItemProxy section */
		02ACD4272AE58CAE00644F32 /* PBXContainerItemProxy */ = {
			isa = PBXContainerItemProxy;
			containerPortal = 02ACD4082AE58CAD00644F32 /* Project object */;
			proxyType = 1;
			remoteGlobalIDString = 02ACD40F2AE58CAD00644F32;
			remoteInfo = jubilacio;
		};
		02ACD4312AE58CAE00644F32 /* PBXContainerItemProxy */ = {
			isa = PBXContainerItemProxy;
			containerPortal = 02ACD4082AE58CAD00644F32 /* Project object */;
			proxyType = 1;
			remoteGlobalIDString = 02ACD40F2AE58CAD00644F32;
			remoteInfo = jubilacio;
		};
/* End PBXContainerItemProxy section */

/* Begin PBXFileReference section */
		02ACD4102AE58CAD00644F32 /* jubilacio.app */ = {isa = PBXFileReference; explicitFileType = wrapper.application; includeInIndex = 0; path = jubilacio.app; sourceTree = BUILT_PRODUCTS_DIR; };
		02ACD4132AE58CAD00644F32 /* AppDelegate.swift */ = {isa = PBXFileReference; lastKnownFileType = sourcecode.swift; path = AppDelegate.swift; sourceTree = "<group>"; };
		02ACD4152AE58CAD00644F32 /* SceneDelegate.swift */ = {isa = PBXFileReference; lastKnownFileType = sourcecode.swift; path = SceneDelegate.swift; sourceTree = "<group>"; };
		02ACD4172AE58CAD00644F32 /* ViewController.swift */ = {isa = PBXFileReference; lastKnownFileType = sourcecode.swift; path = ViewController.swift; sourceTree = "<group>"; };
		02ACD41A2AE58CAD00644F32 /* Base */ = {isa = PBXFileReference; lastKnownFileType = file.storyboard; name = Base; path = Base.lproj/Main.storyboard; sourceTree = "<group>"; };
		02ACD41C2AE58CAE00644F32 /* Assets.xcassets */ = {isa = PBXFileReference; lastKnownFileType = folder.assetcatalog; path = Assets.xcassets; sourceTree = "<group>"; };
		02ACD41F2AE58CAE00644F32 /* Base */ = {isa = PBXFileReference; lastKnownFileType = file.storyboard; name = Base; path = Base.lproj/LaunchScreen.storyboard; sourceTree = "<group>"; };
		02ACD4212AE58CAE00644F32 /* Info.plist */ = {isa = PBXFileReference; lastKnownFileType = text.plist.xml; path = Info.plist; sourceTree = "<group>"; };
		02ACD4262AE58CAE00644F32 /* jubilacioTests.xctest */ = {isa = PBXFileReference; explicitFileType = wrapper.cfbundle; includeInIndex = 0; path = jubilacioTests.xctest; sourceTree = BUILT_PRODUCTS_DIR; };
		02ACD42A2AE58CAE00644F32 /* jubilacioTests.swift */ = {isa = PBXFileReference; lastKnownFileType = sourcecode.swift; path = jubilacioTests.swift; sourceTree = "<group>"; };
		02ACD4302AE58CAE00644F32 /* jubilacioUITests.xctest */ = {isa = PBXFileReference; explicitFileType = wrapper.cfbundle; includeInIndex = 0; path = jubilacioUITests.xctest; sourceTree = BUILT_PRODUCTS_DIR; };
		02ACD4342AE58CAE00644F32 /* jubilacioUITests.swift */ = {isa = PBXFileReference; lastKnownFileType = sourcecode.swift; path = jubilacioUITests.swift; sourceTree = "<group>"; };
		02ACD4362AE58CAE00644F32 /* jubilacioUITestsLaunchTests.swift */ = {isa = PBXFileReference; lastKnownFileType = sourcecode.swift; path = jubilacioUITestsLaunchTests.swift; sourceTree = "<group>"; };
		28248D4C1096BCF49BABE44E /* Pods_jubilacio_jubilacioUITests.framework */ = {isa = PBXFileReference; explicitFileType = wrapper.framework; includeInIndex = 0; path = Pods_jubilacio_jubilacioUITests.framework; sourceTree = BUILT_PRODUCTS_DIR; };
		3330F36C303117D41C27CB25 /* Pods-jubilacioTests.debug.xcconfig */ = {isa = PBXFileReference; includeInIndex = 1; lastKnownFileType = text.xcconfig; name = "Pods-jubilacioTests.debug.xcconfig"; path = "Target Support Files/Pods-jubilacioTests/Pods-jubilacioTests.debug.xcconfig"; sourceTree = "<group>"; };
		39278B6DFBA9AE72FF5CB828 /* Pods-jubilacio-jubilacioUITests.debug.xcconfig */ = {isa = PBXFileReference; includeInIndex = 1; lastKnownFileType = text.xcconfig; name = "Pods-jubilacio-jubilacioUITests.debug.xcconfig"; path = "Target Support Files/Pods-jubilacio-jubilacioUITests/Pods-jubilacio-jubilacioUITests.debug.xcconfig"; sourceTree = "<group>"; };
		7BFC05F7F8DF5022FD548816 /* Pods-jubilacio.release.xcconfig */ = {isa = PBXFileReference; includeInIndex = 1; lastKnownFileType = text.xcconfig; name = "Pods-jubilacio.release.xcconfig"; path = "Target Support Files/Pods-jubilacio/Pods-jubilacio.release.xcconfig"; sourceTree = "<group>"; };
		8D15D468AF6160B94AE34949 /* Pods-jubilacioTests.release.xcconfig */ = {isa = PBXFileReference; includeInIndex = 1; lastKnownFileType = text.xcconfig; name = "Pods-jubilacioTests.release.xcconfig"; path = "Target Support Files/Pods-jubilacioTests/Pods-jubilacioTests.release.xcconfig"; sourceTree = "<group>"; };
		9E159ADCC3B8353D3F2A6A06 /* Pods_jubilacio.framework */ = {isa = PBXFileReference; explicitFileType = wrapper.framework; includeInIndex = 0; path = Pods_jubilacio.framework; sourceTree = BUILT_PRODUCTS_DIR; };
		B08596EB2CC01D4254E87252 /* Pods-jubilacio.debug.xcconfig */ = {isa = PBXFileReference; includeInIndex = 1; lastKnownFileType = text.xcconfig; name = "Pods-jubilacio.debug.xcconfig"; path = "Target Support Files/Pods-jubilacio/Pods-jubilacio.debug.xcconfig"; sourceTree = "<group>"; };
		DC6E88398A7AACEA1E9E3045 /* Pods-jubilacio-jubilacioUITests.release.xcconfig */ = {isa = PBXFileReference; includeInIndex = 1; lastKnownFileType = text.xcconfig; name = "Pods-jubilacio-jubilacioUITests.release.xcconfig"; path = "Target Support Files/Pods-jubilacio-jubilacioUITests/Pods-jubilacio-jubilacioUITests.release.xcconfig"; sourceTree = "<group>"; };
		E6D812A616F9412D7F8A7569 /* Pods_jubilacioTests.framework */ = {isa = PBXFileReference; explicitFileType = wrapper.framework; includeInIndex = 0; path = Pods_jubilacioTests.framework; sourceTree = BUILT_PRODUCTS_DIR; };
/* End PBXFileReference section */

/* Begin PBXFrameworksBuildPhase section */
		02ACD40D2AE58CAD00644F32 /* Frameworks */ = {
			isa = PBXFrameworksBuildPhase;
			buildActionMask = 2147483647;
			files = (
				7236123876BFEC2D6E348DC4 /* Pods_jubilacio.framework in Frameworks */,
			);
			runOnlyForDeploymentPostprocessing = 0;
		};
		02ACD4232AE58CAE00644F32 /* Frameworks */ = {
			isa = PBXFrameworksBuildPhase;
			buildActionMask = 2147483647;
			files = (
				D26BBC0D6C1278C1322B18C0 /* Pods_jubilacioTests.framework in Frameworks */,
			);
			runOnlyForDeploymentPostprocessing = 0;
		};
		02ACD42D2AE58CAE00644F32 /* Frameworks */ = {
			isa = PBXFrameworksBuildPhase;
			buildActionMask = 2147483647;
			files = (
				9EFC77E9BA8CD1855E07C132 /* Pods_jubilacio_jubilacioUITests.framework in Frameworks */,
			);
			runOnlyForDeploymentPostprocessing = 0;
		};
/* End PBXFrameworksBuildPhase section */

/* Begin PBXGroup section */
		02ACD4072AE58CAD00644F32 = {
			isa = PBXGroup;
			children = (
				02ACD4122AE58CAD00644F32 /* jubilacio */,
				02ACD4292AE58CAE00644F32 /* jubilacioTests */,
				02ACD4332AE58CAE00644F32 /* jubilacioUITests */,
				02ACD4112AE58CAD00644F32 /* Products */,
				F6CAFC6054B83E63647E253A /* Pods */,
				916AC61EC6B141A9FF020BDD /* Frameworks */,
			);
			sourceTree = "<group>";
		};
		02ACD4112AE58CAD00644F32 /* Products */ = {
			isa = PBXGroup;
			children = (
				02ACD4102AE58CAD00644F32 /* jubilacio.app */,
				02ACD4262AE58CAE00644F32 /* jubilacioTests.xctest */,
				02ACD4302AE58CAE00644F32 /* jubilacioUITests.xctest */,
			);
			name = Products;
			sourceTree = "<group>";
		};
		02ACD4122AE58CAD00644F32 /* jubilacio */ = {
			isa = PBXGroup;
			children = (
				02ACD4132AE58CAD00644F32 /* AppDelegate.swift */,
				02ACD4152AE58CAD00644F32 /* SceneDelegate.swift */,
				02ACD4172AE58CAD00644F32 /* ViewController.swift */,
				02ACD4192AE58CAD00644F32 /* Main.storyboard */,
				02ACD41C2AE58CAE00644F32 /* Assets.xcassets */,
				02ACD41E2AE58CAE00644F32 /* LaunchScreen.storyboard */,
				02ACD4212AE58CAE00644F32 /* Info.plist */,
			);
			path = jubilacio;
			sourceTree = "<group>";
		};
		02ACD4292AE58CAE00644F32 /* jubilacioTests */ = {
			isa = PBXGroup;
			children = (
				02ACD42A2AE58CAE00644F32 /* jubilacioTests.swift */,
			);
			path = jubilacioTests;
			sourceTree = "<group>";
		};
		02ACD4332AE58CAE00644F32 /* jubilacioUITests */ = {
			isa = PBXGroup;
			children = (
				02ACD4342AE58CAE00644F32 /* jubilacioUITests.swift */,
				02ACD4362AE58CAE00644F32 /* jubilacioUITestsLaunchTests.swift */,
			);
			path = jubilacioUITests;
			sourceTree = "<group>";
		};
		916AC61EC6B141A9FF020BDD /* Frameworks */ = {
			isa = PBXGroup;
			children = (
				9E159ADCC3B8353D3F2A6A06 /* Pods_jubilacio.framework */,
				28248D4C1096BCF49BABE44E /* Pods_jubilacio_jubilacioUITests.framework */,
				E6D812A616F9412D7F8A7569 /* Pods_jubilacioTests.framework */,
			);
			name = Frameworks;
			sourceTree = "<group>";
		};
		F6CAFC6054B83E63647E253A /* Pods */ = {
			isa = PBXGroup;
			children = (
				B08596EB2CC01D4254E87252 /* Pods-jubilacio.debug.xcconfig */,
				7BFC05F7F8DF5022FD548816 /* Pods-jubilacio.release.xcconfig */,
				39278B6DFBA9AE72FF5CB828 /* Pods-jubilacio-jubilacioUITests.debug.xcconfig */,
				DC6E88398A7AACEA1E9E3045 /* Pods-jubilacio-jubilacioUITests.release.xcconfig */,
				3330F36C303117D41C27CB25 /* Pods-jubilacioTests.debug.xcconfig */,
				8D15D468AF6160B94AE34949 /* Pods-jubilacioTests.release.xcconfig */,
			);
			name = Pods;
			path = Pods;
			sourceTree = "<group>";
		};
/* End PBXGroup section */

/* Begin PBXNativeTarget section */
		02ACD40F2AE58CAD00644F32 /* jubilacio */ = {
			isa = PBXNativeTarget;
			buildConfigurationList = 02ACD43A2AE58CAE00644F32 /* Build configuration list for PBXNativeTarget "jubilacio" */;
			buildPhases = (
				EF7D49F9AD268F857E844894 /* [CP] Check Pods Manifest.lock */,
				02ACD40C2AE58CAD00644F32 /* Sources */,
				02ACD40D2AE58CAD00644F32 /* Frameworks */,
				02ACD40E2AE58CAD00644F32 /* Resources */,
			);
			buildRules = (
			);
			dependencies = (
			);
			name = jubilacio;
			productName = jubilacio;
			productReference = 02ACD4102AE58CAD00644F32 /* jubilacio.app */;
			productType = "com.apple.product-type.application";
		};
		02ACD4252AE58CAE00644F32 /* jubilacioTests */ = {
			isa = PBXNativeTarget;
			buildConfigurationList = 02ACD43D2AE58CAE00644F32 /* Build configuration list for PBXNativeTarget "jubilacioTests" */;
			buildPhases = (
				1AD0F4CC53EB77A8F0132D40 /* [CP] Check Pods Manifest.lock */,
				02ACD4222AE58CAE00644F32 /* Sources */,
				02ACD4232AE58CAE00644F32 /* Frameworks */,
				02ACD4242AE58CAE00644F32 /* Resources */,
			);
			buildRules = (
			);
			dependencies = (
				02ACD4282AE58CAE00644F32 /* PBXTargetDependency */,
			);
			name = jubilacioTests;
			productName = jubilacioTests;
			productReference = 02ACD4262AE58CAE00644F32 /* jubilacioTests.xctest */;
			productType = "com.apple.product-type.bundle.unit-test";
		};
		02ACD42F2AE58CAE00644F32 /* jubilacioUITests */ = {
			isa = PBXNativeTarget;
			buildConfigurationList = 02ACD4402AE58CAE00644F32 /* Build configuration list for PBXNativeTarget "jubilacioUITests" */;
			buildPhases = (
				9AFD00FC5E0A74CC2222B473 /* [CP] Check Pods Manifest.lock */,
				02ACD42C2AE58CAE00644F32 /* Sources */,
				02ACD42D2AE58CAE00644F32 /* Frameworks */,
				02ACD42E2AE58CAE00644F32 /* Resources */,
			);
			buildRules = (
			);
			dependencies = (
				02ACD4322AE58CAE00644F32 /* PBXTargetDependency */,
			);
			name = jubilacioUITests;
			productName = jubilacioUITests;
			productReference = 02ACD4302AE58CAE00644F32 /* jubilacioUITests.xctest */;
			productType = "com.apple.product-type.bundle.ui-testing";
		};
/* End PBXNativeTarget section */

/* Begin PBXProject section */
		02ACD4082AE58CAD00644F32 /* Project object */ = {
			isa = PBXProject;
			attributes = {
				BuildIndependentTargetsInParallel = 1;
				LastSwiftUpdateCheck = 1430;
				LastUpgradeCheck = 1430;
				TargetAttributes = {
					02ACD40F2AE58CAD00644F32 = {
						CreatedOnToolsVersion = 14.3.1;
					};
					02ACD4252AE58CAE00644F32 = {
						CreatedOnToolsVersion = 14.3.1;
						TestTargetID = 02ACD40F2AE58CAD00644F32;
					};
					02ACD42F2AE58CAE00644F32 = {
						CreatedOnToolsVersion = 14.3.1;
						TestTargetID = 02ACD40F2AE58CAD00644F32;
					};
				};
			};
			buildConfigurationList = 02ACD40B2AE58CAD00644F32 /* Build configuration list for PBXProject "jubilacio" */;
			compatibilityVersion = "Xcode 14.0";
			developmentRegion = en;
			hasScannedForEncodings = 0;
			knownRegions = (
				en,
				Base,
			);
			mainGroup = 02ACD4072AE58CAD00644F32;
			productRefGroup = 02ACD4112AE58CAD00644F32 /* Products */;
			projectDirPath = "";
			projectRoot = "";
			targets = (
				02ACD40F2AE58CAD00644F32 /* jubilacio */,
				02ACD4252AE58CAE00644F32 /* jubilacioTests */,
				02ACD42F2AE58CAE00644F32 /* jubilacioUITests */,
			);
		};
/* End PBXProject section */

/* Begin PBXResourcesBuildPhase section */
		02ACD40E2AE58CAD00644F32 /* Resources */ = {
			isa = PBXResourcesBuildPhase;
			buildActionMask = 2147483647;
			files = (
				02ACD4202AE58CAE00644F32 /* LaunchScreen.storyboard in Resources */,
				02ACD41D2AE58CAE00644F32 /* Assets.xcassets in Resources */,
				02ACD41B2AE58CAD00644F32 /* Main.storyboard in Resources */,
			);
			runOnlyForDeploymentPostprocessing = 0;
		};
		02ACD4242AE58CAE00644F32 /* Resources */ = {
			isa = PBXResourcesBuildPhase;
			buildActionMask = 2147483647;
			files = (
			);
			runOnlyForDeploymentPostprocessing = 0;
		};
		02ACD42E2AE58CAE00644F32 /* Resources */ = {
			isa = PBXResourcesBuildPhase;
			buildActionMask = 2147483647;
			files = (
			);
			runOnlyForDeploymentPostprocessing = 0;
		};
/* End PBXResourcesBuildPhase section */

/* Begin PBXShellScriptBuildPhase section */
		1AD0F4CC53EB77A8F0132D40 /* [CP] Check Pods Manifest.lock */ = {
			isa = PBXShellScriptBuildPhase;
			buildActionMask = 2147483647;
			files = (
			);
			inputFileListPaths = (
			);
			inputPaths = (
				"${PODS_PODFILE_DIR_PATH}/Podfile.lock",
				"${PODS_ROOT}/Manifest.lock",
			);
			name = "[CP] Check Pods Manifest.lock";
			outputFileListPaths = (
			);
			outputPaths = (
				"$(DERIVED_FILE_DIR)/Pods-jubilacioTests-checkManifestLockResult.txt",
			);
			runOnlyForDeploymentPostprocessing = 0;
			shellPath = /bin/sh;
			shellScript = "diff \"${PODS_PODFILE_DIR_PATH}/Podfile.lock\" \"${PODS_ROOT}/Manifest.lock\" > /dev/null\nif [ $? != 0 ] ; then\n    # print error to STDERR\n    echo \"error: The sandbox is not in sync with the Podfile.lock. Run 'pod install' or update your CocoaPods installation.\" >&2\n    exit 1\nfi\n# This output is used by Xcode 'outputs' to avoid re-running this script phase.\necho \"SUCCESS\" > \"${SCRIPT_OUTPUT_FILE_0}\"\n";
			showEnvVarsInLog = 0;
		};
		9AFD00FC5E0A74CC2222B473 /* [CP] Check Pods Manifest.lock */ = {
			isa = PBXShellScriptBuildPhase;
			buildActionMask = 2147483647;
			files = (
			);
			inputFileListPaths = (
			);
			inputPaths = (
				"${PODS_PODFILE_DIR_PATH}/Podfile.lock",
				"${PODS_ROOT}/Manifest.lock",
			);
			name = "[CP] Check Pods Manifest.lock";
			outputFileListPaths = (
			);
			outputPaths = (
				"$(DERIVED_FILE_DIR)/Pods-jubilacio-jubilacioUITests-checkManifestLockResult.txt",
			);
			runOnlyForDeploymentPostprocessing = 0;
			shellPath = /bin/sh;
			shellScript = "diff \"${PODS_PODFILE_DIR_PATH}/Podfile.lock\" \"${PODS_ROOT}/Manifest.lock\" > /dev/null\nif [ $? != 0 ] ; then\n    # print error to STDERR\n    echo \"error: The sandbox is not in sync with the Podfile.lock. Run 'pod install' or update your CocoaPods installation.\" >&2\n    exit 1\nfi\n# This output is used by Xcode 'outputs' to avoid re-running this script phase.\necho \"SUCCESS\" > \"${SCRIPT_OUTPUT_FILE_0}\"\n";
			showEnvVarsInLog = 0;
		};
		EF7D49F9AD268F857E844894 /* [CP] Check Pods Manifest.lock */ = {
			isa = PBXShellScriptBuildPhase;
			buildActionMask = 2147483647;
			files = (
			);
			inputFileListPaths = (
			);
			inputPaths = (
				"${PODS_PODFILE_DIR_PATH}/Podfile.lock",
				"${PODS_ROOT}/Manifest.lock",
			);
			name = "[CP] Check Pods Manifest.lock";
			outputFileListPaths = (
			);
			outputPaths = (
				"$(DERIVED_FILE_DIR)/Pods-jubilacio-checkManifestLockResult.txt",
			);
			runOnlyForDeploymentPostprocessing = 0;
			shellPath = /bin/sh;
			shellScript = "diff \"${PODS_PODFILE_DIR_PATH}/Podfile.lock\" \"${PODS_ROOT}/Manifest.lock\" > /dev/null\nif [ $? != 0 ] ; then\n    # print error to STDERR\n    echo \"error: The sandbox is not in sync with the Podfile.lock. Run 'pod install' or update your CocoaPods installation.\" >&2\n    exit 1\nfi\n# This output is used by Xcode 'outputs' to avoid re-running this script phase.\necho \"SUCCESS\" > \"${SCRIPT_OUTPUT_FILE_0}\"\n";
			showEnvVarsInLog = 0;
		};
/* End PBXShellScriptBuildPhase section */

/* Begin PBXSourcesBuildPhase section */
		02ACD40C2AE58CAD00644F32 /* Sources */ = {
			isa = PBXSourcesBuildPhase;
			buildActionMask = 2147483647;
			files = (
				02ACD4182AE58CAD00644F32 /* ViewController.swift in Sources */,
				02ACD4142AE58CAD00644F32 /* AppDelegate.swift in Sources */,
				02ACD4162AE58CAD00644F32 /* SceneDelegate.swift in Sources */,
			);
			runOnlyForDeploymentPostprocessing = 0;
		};
		02ACD4222AE58CAE00644F32 /* Sources */ = {
			isa = PBXSourcesBuildPhase;
			buildActionMask = 2147483647;
			files = (
				02ACD42B2AE58CAE00644F32 /* jubilacioTests.swift in Sources */,
			);
			runOnlyForDeploymentPostprocessing = 0;
		};
		02ACD42C2AE58CAE00644F32 /* Sources */ = {
			isa = PBXSourcesBuildPhase;
			buildActionMask = 2147483647;
			files = (
				02ACD4352AE58CAE00644F32 /* jubilacioUITests.swift in Sources */,
				02ACD4372AE58CAE00644F32 /* jubilacioUITestsLaunchTests.swift in Sources */,
			);
			runOnlyForDeploymentPostprocessing = 0;
		};
/* End PBXSourcesBuildPhase section */

/* Begin PBXTargetDependency section */
		02ACD4282AE58CAE00644F32 /* PBXTargetDependency */ = {
			isa = PBXTargetDependency;
			target = 02ACD40F2AE58CAD00644F32 /* jubilacio */;
			targetProxy = 02ACD4272AE58CAE00644F32 /* PBXContainerItemProxy */;
		};
		02ACD4322AE58CAE00644F32 /* PBXTargetDependency */ = {
			isa = PBXTargetDependency;
			target = 02ACD40F2AE58CAD00644F32 /* jubilacio */;
			targetProxy = 02ACD4312AE58CAE00644F32 /* PBXContainerItemProxy */;
		};
/* End PBXTargetDependency section */

/* Begin PBXVariantGroup section */
		02ACD4192AE58CAD00644F32 /* Main.storyboard */ = {
			isa = PBXVariantGroup;
			children = (
				02ACD41A2AE58CAD00644F32 /* Base */,
			);
			name = Main.storyboard;
			sourceTree = "<group>";
		};
		02ACD41E2AE58CAE00644F32 /* LaunchScreen.storyboard */ = {
			isa = PBXVariantGroup;
			children = (
				02ACD41F2AE58CAE00644F32 /* Base */,
			);
			name = LaunchScreen.storyboard;
			sourceTree = "<group>";
		};
/* End PBXVariantGroup section */

/* Begin XCBuildConfiguration section */
		02ACD4382AE58CAE00644F32 /* Debug */ = {
			isa = XCBuildConfiguration;
			buildSettings = {
				ALWAYS_SEARCH_USER_PATHS = NO;
				CLANG_ANALYZER_NONNULL = YES;
				CLANG_ANALYZER_NUMBER_OBJECT_CONVERSION = YES_AGGRESSIVE;
				CLANG_CXX_LANGUAGE_STANDARD = "gnu++20";
				CLANG_ENABLE_MODULES = YES;
				CLANG_ENABLE_OBJC_ARC = YES;
				CLANG_ENABLE_OBJC_WEAK = YES;
				CLANG_WARN_BLOCK_CAPTURE_AUTORELEASING = YES;
				CLANG_WARN_BOOL_CONVERSION = YES;
				CLANG_WARN_COMMA = YES;
				CLANG_WARN_CONSTANT_CONVERSION = YES;
				CLANG_WARN_DEPRECATED_OBJC_IMPLEMENTATIONS = YES;
				CLANG_WARN_DIRECT_OBJC_ISA_USAGE = YES_ERROR;
				CLANG_WARN_DOCUMENTATION_COMMENTS = YES;
				CLANG_WARN_EMPTY_BODY = YES;
				CLANG_WARN_ENUM_CONVERSION = YES;
				CLANG_WARN_INFINITE_RECURSION = YES;
				CLANG_WARN_INT_CONVERSION = YES;
				CLANG_WARN_NON_LITERAL_NULL_CONVERSION = YES;
				CLANG_WARN_OBJC_IMPLICIT_RETAIN_SELF = YES;
				CLANG_WARN_OBJC_LITERAL_CONVERSION = YES;
				CLANG_WARN_OBJC_ROOT_CLASS = YES_ERROR;
				CLANG_WARN_QUOTED_INCLUDE_IN_FRAMEWORK_HEADER = YES;
				CLANG_WARN_RANGE_LOOP_ANALYSIS = YES;
				CLANG_WARN_STRICT_PROTOTYPES = YES;
				CLANG_WARN_SUSPICIOUS_MOVE = YES;
				CLANG_WARN_UNGUARDED_AVAILABILITY = YES_AGGRESSIVE;
				CLANG_WARN_UNREACHABLE_CODE = YES;
				CLANG_WARN__DUPLICATE_METHOD_MATCH = YES;
				COPY_PHASE_STRIP = NO;
				DEBUG_INFORMATION_FORMAT = dwarf;
				ENABLE_STRICT_OBJC_MSGSEND = YES;
				ENABLE_TESTABILITY = YES;
				GCC_C_LANGUAGE_STANDARD = gnu11;
				GCC_DYNAMIC_NO_PIC = NO;
				GCC_NO_COMMON_BLOCKS = YES;
				GCC_OPTIMIZATION_LEVEL = 0;
				GCC_PREPROCESSOR_DEFINITIONS = (
					"DEBUG=1",
					"$(inherited)",
				);
				GCC_WARN_64_TO_32_BIT_CONVERSION = YES;
				GCC_WARN_ABOUT_RETURN_TYPE = YES_ERROR;
				GCC_WARN_UNDECLARED_SELECTOR = YES;
				GCC_WARN_UNINITIALIZED_AUTOS = YES_AGGRESSIVE;
				GCC_WARN_UNUSED_FUNCTION = YES;
				GCC_WARN_UNUSED_VARIABLE = YES;
				IPHONEOS_DEPLOYMENT_TARGET = 16.4;
				MTL_ENABLE_DEBUG_INFO = INCLUDE_SOURCE;
				MTL_FAST_MATH = YES;
				ONLY_ACTIVE_ARCH = YES;
				SDKROOT = iphoneos;
				SWIFT_ACTIVE_COMPILATION_CONDITIONS = DEBUG;
				SWIFT_OPTIMIZATION_LEVEL = "-Onone";
			};
			name = Debug;
		};
		02ACD4392AE58CAE00644F32 /* Release */ = {
			isa = XCBuildConfiguration;
			buildSettings = {
				ALWAYS_SEARCH_USER_PATHS = NO;
				CLANG_ANALYZER_NONNULL = YES;
				CLANG_ANALYZER_NUMBER_OBJECT_CONVERSION = YES_AGGRESSIVE;
				CLANG_CXX_LANGUAGE_STANDARD = "gnu++20";
				CLANG_ENABLE_MODULES = YES;
				CLANG_ENABLE_OBJC_ARC = YES;
				CLANG_ENABLE_OBJC_WEAK = YES;
				CLANG_WARN_BLOCK_CAPTURE_AUTORELEASING = YES;
				CLANG_WARN_BOOL_CONVERSION = YES;
				CLANG_WARN_COMMA = YES;
				CLANG_WARN_CONSTANT_CONVERSION = YES;
				CLANG_WARN_DEPRECATED_OBJC_IMPLEMENTATIONS = YES;
				CLANG_WARN_DIRECT_OBJC_ISA_USAGE = YES_ERROR;
				CLANG_WARN_DOCUMENTATION_COMMENTS = YES;
				CLANG_WARN_EMPTY_BODY = YES;
				CLANG_WARN_ENUM_CONVERSION = YES;
				CLANG_WARN_INFINITE_RECURSION = YES;
				CLANG_WARN_INT_CONVERSION = YES;
				CLANG_WARN_NON_LITERAL_NULL_CONVERSION = YES;
				CLANG_WARN_OBJC_IMPLICIT_RETAIN_SELF = YES;
				CLANG_WARN_OBJC_LITERAL_CONVERSION = YES;
				CLANG_WARN_OBJC_ROOT_CLASS = YES_ERROR;
				CLANG_WARN_QUOTED_INCLUDE_IN_FRAMEWORK_HEADER = YES;
				CLANG_WARN_RANGE_LOOP_ANALYSIS = YES;
				CLANG_WARN_STRICT_PROTOTYPES = YES;
				CLANG_WARN_SUSPICIOUS_MOVE = YES;
				CLANG_WARN_UNGUARDED_AVAILABILITY = YES_AGGRESSIVE;
				CLANG_WARN_UNREACHABLE_CODE = YES;
				CLANG_WARN__DUPLICATE_METHOD_MATCH = YES;
				COPY_PHASE_STRIP = NO;
				DEBUG_INFORMATION_FORMAT = "dwarf-with-dsym";
				ENABLE_NS_ASSERTIONS = NO;
				ENABLE_STRICT_OBJC_MSGSEND = YES;
				GCC_C_LANGUAGE_STANDARD = gnu11;
				GCC_NO_COMMON_BLOCKS = YES;
				GCC_WARN_64_TO_32_BIT_CONVERSION = YES;
				GCC_WARN_ABOUT_RETURN_TYPE = YES_ERROR;
				GCC_WARN_UNDECLARED_SELECTOR = YES;
				GCC_WARN_UNINITIALIZED_AUTOS = YES_AGGRESSIVE;
				GCC_WARN_UNUSED_FUNCTION = YES;
				GCC_WARN_UNUSED_VARIABLE = YES;
				IPHONEOS_DEPLOYMENT_TARGET = 16.4;
				MTL_ENABLE_DEBUG_INFO = NO;
				MTL_FAST_MATH = YES;
				SDKROOT = iphoneos;
				SWIFT_COMPILATION_MODE = wholemodule;
				SWIFT_OPTIMIZATION_LEVEL = "-O";
				VALIDATE_PRODUCT = YES;
			};
			name = Release;
		};
		02ACD43B2AE58CAE00644F32 /* Debug */ = {
			isa = XCBuildConfiguration;
			baseConfigurationReference = B08596EB2CC01D4254E87252 /* Pods-jubilacio.debug.xcconfig */;
			buildSettings = {
				ASSETCATALOG_COMPILER_APPICON_NAME = AppIcon;
				ASSETCATALOG_COMPILER_GLOBAL_ACCENT_COLOR_NAME = AccentColor;
				CODE_SIGN_STYLE = Automatic;
				CURRENT_PROJECT_VERSION = 1;
				DEVELOPMENT_TEAM = XLUKF7X798;
				GENERATE_INFOPLIST_FILE = YES;
				INFOPLIST_FILE = jubilacio/Info.plist;
				INFOPLIST_KEY_UIApplicationSupportsIndirectInputEvents = YES;
				INFOPLIST_KEY_UILaunchStoryboardName = LaunchScreen;
				INFOPLIST_KEY_UIMainStoryboardFile = Main;
				INFOPLIST_KEY_UISupportedInterfaceOrientations_iPad = "UIInterfaceOrientationPortrait UIInterfaceOrientationPortraitUpsideDown UIInterfaceOrientationLandscapeLeft UIInterfaceOrientationLandscapeRight";
				INFOPLIST_KEY_UISupportedInterfaceOrientations_iPhone = "UIInterfaceOrientationPortrait UIInterfaceOrientationLandscapeLeft UIInterfaceOrientationLandscapeRight";
				IPHONEOS_DEPLOYMENT_TARGET = 16.0;
				LD_RUNPATH_SEARCH_PATHS = (
					"$(inherited)",
					"@executable_path/Frameworks",
				);
				MARKETING_VERSION = 1.0;
				PRODUCT_BUNDLE_IDENTIFIER = com.lab.jubilacio.com.jubilacio;
				PRODUCT_NAME = "$(TARGET_NAME)";
				SWIFT_EMIT_LOC_STRINGS = YES;
				SWIFT_VERSION = 5.0;
				TARGETED_DEVICE_FAMILY = "1,2";
			};
			name = Debug;
		};
		02ACD43C2AE58CAE00644F32 /* Release */ = {
			isa = XCBuildConfiguration;
			baseConfigurationReference = 7BFC05F7F8DF5022FD548816 /* Pods-jubilacio.release.xcconfig */;
			buildSettings = {
				ASSETCATALOG_COMPILER_APPICON_NAME = AppIcon;
				ASSETCATALOG_COMPILER_GLOBAL_ACCENT_COLOR_NAME = AccentColor;
				CODE_SIGN_STYLE = Automatic;
				CURRENT_PROJECT_VERSION = 1;
				DEVELOPMENT_TEAM = XLUKF7X798;
				GENERATE_INFOPLIST_FILE = YES;
				INFOPLIST_FILE = jubilacio/Info.plist;
				INFOPLIST_KEY_UIApplicationSupportsIndirectInputEvents = YES;
				INFOPLIST_KEY_UILaunchStoryboardName = LaunchScreen;
				INFOPLIST_KEY_UIMainStoryboardFile = Main;
				INFOPLIST_KEY_UISupportedInterfaceOrientations_iPad = "UIInterfaceOrientationPortrait UIInterfaceOrientationPortraitUpsideDown UIInterfaceOrientationLandscapeLeft UIInterfaceOrientationLandscapeRight";
				INFOPLIST_KEY_UISupportedInterfaceOrientations_iPhone = "UIInterfaceOrientationPortrait UIInterfaceOrientationLandscapeLeft UIInterfaceOrientationLandscapeRight";
				IPHONEOS_DEPLOYMENT_TARGET = 16.0;
				LD_RUNPATH_SEARCH_PATHS = (
					"$(inherited)",
					"@executable_path/Frameworks",
				);
				MARKETING_VERSION = 1.0;
				PRODUCT_BUNDLE_IDENTIFIER = com.lab.jubilacio.com.jubilacio;
				PRODUCT_NAME = "$(TARGET_NAME)";
				SWIFT_EMIT_LOC_STRINGS = YES;
				SWIFT_VERSION = 5.0;
				TARGETED_DEVICE_FAMILY = "1,2";
			};
			name = Release;
		};
		02ACD43E2AE58CAE00644F32 /* Debug */ = {
			isa = XCBuildConfiguration;
			baseConfigurationReference = 3330F36C303117D41C27CB25 /* Pods-jubilacioTests.debug.xcconfig */;
			buildSettings = {
				ALWAYS_EMBED_SWIFT_STANDARD_LIBRARIES = YES;
				BUNDLE_LOADER = "$(TEST_HOST)";
				CODE_SIGN_STYLE = Automatic;
				CURRENT_PROJECT_VERSION = 1;
				DEVELOPMENT_TEAM = XLUKF7X798;
				GENERATE_INFOPLIST_FILE = YES;
				IPHONEOS_DEPLOYMENT_TARGET = 16.4;
				MARKETING_VERSION = 1.0;
				PRODUCT_BUNDLE_IDENTIFIER = com.lab.jubilacio.com.jubilacioTests;
				PRODUCT_NAME = "$(TARGET_NAME)";
				SWIFT_EMIT_LOC_STRINGS = NO;
				SWIFT_VERSION = 5.0;
				TARGETED_DEVICE_FAMILY = "1,2";
				TEST_HOST = "$(BUILT_PRODUCTS_DIR)/jubilacio.app/$(BUNDLE_EXECUTABLE_FOLDER_PATH)/jubilacio";
			};
			name = Debug;
		};
		02ACD43F2AE58CAE00644F32 /* Release */ = {
			isa = XCBuildConfiguration;
			baseConfigurationReference = 8D15D468AF6160B94AE34949 /* Pods-jubilacioTests.release.xcconfig */;
			buildSettings = {
				ALWAYS_EMBED_SWIFT_STANDARD_LIBRARIES = YES;
				BUNDLE_LOADER = "$(TEST_HOST)";
				CODE_SIGN_STYLE = Automatic;
				CURRENT_PROJECT_VERSION = 1;
				DEVELOPMENT_TEAM = XLUKF7X798;
				GENERATE_INFOPLIST_FILE = YES;
				IPHONEOS_DEPLOYMENT_TARGET = 16.4;
				MARKETING_VERSION = 1.0;
				PRODUCT_BUNDLE_IDENTIFIER = com.lab.jubilacio.com.jubilacioTests;
				PRODUCT_NAME = "$(TARGET_NAME)";
				SWIFT_EMIT_LOC_STRINGS = NO;
				SWIFT_VERSION = 5.0;
				TARGETED_DEVICE_FAMILY = "1,2";
				TEST_HOST = "$(BUILT_PRODUCTS_DIR)/jubilacio.app/$(BUNDLE_EXECUTABLE_FOLDER_PATH)/jubilacio";
			};
			name = Release;
		};
		02ACD4412AE58CAE00644F32 /* Debug */ = {
			isa = XCBuildConfiguration;
			baseConfigurationReference = 39278B6DFBA9AE72FF5CB828 /* Pods-jubilacio-jubilacioUITests.debug.xcconfig */;
			buildSettings = {
				ALWAYS_EMBED_SWIFT_STANDARD_LIBRARIES = YES;
				CODE_SIGN_STYLE = Automatic;
				CURRENT_PROJECT_VERSION = 1;
				DEVELOPMENT_TEAM = XLUKF7X798;
				GENERATE_INFOPLIST_FILE = YES;
				MARKETING_VERSION = 1.0;
				PRODUCT_BUNDLE_IDENTIFIER = com.lab.jubilacio.com.jubilacioUITests;
				PRODUCT_NAME = "$(TARGET_NAME)";
				SWIFT_EMIT_LOC_STRINGS = NO;
				SWIFT_VERSION = 5.0;
				TARGETED_DEVICE_FAMILY = "1,2";
				TEST_TARGET_NAME = jubilacio;
			};
			name = Debug;
		};
		02ACD4422AE58CAE00644F32 /* Release */ = {
			isa = XCBuildConfiguration;
			baseConfigurationReference = DC6E88398A7AACEA1E9E3045 /* Pods-jubilacio-jubilacioUITests.release.xcconfig */;
			buildSettings = {
				ALWAYS_EMBED_SWIFT_STANDARD_LIBRARIES = YES;
				CODE_SIGN_STYLE = Automatic;
				CURRENT_PROJECT_VERSION = 1;
				DEVELOPMENT_TEAM = XLUKF7X798;
				GENERATE_INFOPLIST_FILE = YES;
				MARKETING_VERSION = 1.0;
				PRODUCT_BUNDLE_IDENTIFIER = com.lab.jubilacio.com.jubilacioUITests;
				PRODUCT_NAME = "$(TARGET_NAME)";
				SWIFT_EMIT_LOC_STRINGS = NO;
				SWIFT_VERSION = 5.0;
				TARGETED_DEVICE_FAMILY = "1,2";
				TEST_TARGET_NAME = jubilacio;
			};
			name = Release;
		};
/* End XCBuildConfiguration section */

/* Begin XCConfigurationList section */
		02ACD40B2AE58CAD00644F32 /* Build configuration list for PBXProject "jubilacio" */ = {
			isa = XCConfigurationList;
			buildConfigurations = (
				02ACD4382AE58CAE00644F32 /* Debug */,
				02ACD4392AE58CAE00644F32 /* Release */,
			);
			defaultConfigurationIsVisible = 0;
			defaultConfigurationName = Release;
		};
		02ACD43A2AE58CAE00644F32 /* Build configuration list for PBXNativeTarget "jubilacio" */ = {
			isa = XCConfigurationList;
			buildConfigurations = (
				02ACD43B2AE58CAE00644F32 /* Debug */,
				02ACD43C2AE58CAE00644F32 /* Release */,
			);
			defaultConfigurationIsVisible = 0;
			defaultConfigurationName = Release;
		};
		02ACD43D2AE58CAE00644F32 /* Build configuration list for PBXNativeTarget "jubilacioTests" */ = {
			isa = XCConfigurationList;
			buildConfigurations = (
				02ACD43E2AE58CAE00644F32 /* Debug */,
				02ACD43F2AE58CAE00644F32 /* Release */,
			);
			defaultConfigurationIsVisible = 0;
			defaultConfigurationName = Release;
		};
		02ACD4402AE58CAE00644F32 /* Build configuration list for PBXNativeTarget "jubilacioUITests" */ = {
			isa = XCConfigurationList;
			buildConfigurations = (
				02ACD4412AE58CAE00644F32 /* Debug */,
				02ACD4422AE58CAE00644F32 /* Release */,
			);
			defaultConfigurationIsVisible = 0;
			defaultConfigurationName = Release;
		};
/* End XCConfigurationList section */
	};
	rootObject = 02ACD4082AE58CAD00644F32 /* Project object */;
}
